// !$*UTF8*$!
{
	archiveVersion = 1;
	classes = {
	};
	objectVersion = 56;
	objects = {

/* Begin PBXBuildFile section */
		359C763D2C9994DF00B5A659 /* LocationTests.swift in Sources */ = {isa = PBXBuildFile; fileRef = 359C763C2C9994DF00B5A659 /* LocationTests.swift */; };
		359C763F2C999A9700B5A659 /* ToDoItemStoreTests.swift in Sources */ = {isa = PBXBuildFile; fileRef = 359C763E2C999A9700B5A659 /* ToDoItemStoreTests.swift */; };
		359C76412C999B0900B5A659 /* ToDoItemStore.swift in Sources */ = {isa = PBXBuildFile; fileRef = 359C76402C999B0900B5A659 /* ToDoItemStore.swift */; };
		359C76442C9AB2D800B5A659 /* XCTestCase+extension.swift in Sources */ = {isa = PBXBuildFile; fileRef = 359C76432C9AB2D800B5A659 /* XCTestCase+extension.swift */; };
		359C76462C9AD7C100B5A659 /* Coordinate.swift in Sources */ = {isa = PBXBuildFile; fileRef = 359C76452C9AD7C100B5A659 /* Coordinate.swift */; };
		35AF95F92C92D8EF00558869 /* AppDelegate.swift in Sources */ = {isa = PBXBuildFile; fileRef = 35AF95F82C92D8EF00558869 /* AppDelegate.swift */; };
		35AF95FB2C92D8EF00558869 /* SceneDelegate.swift in Sources */ = {isa = PBXBuildFile; fileRef = 35AF95FA2C92D8EF00558869 /* SceneDelegate.swift */; };
		35AF95FD2C92D8EF00558869 /* ViewController.swift in Sources */ = {isa = PBXBuildFile; fileRef = 35AF95FC2C92D8EF00558869 /* ViewController.swift */; };
		35AF96002C92D8EF00558869 /* Base in Resources */ = {isa = PBXBuildFile; fileRef = 35AF95FF2C92D8EF00558869 /* Base */; };
		35AF96022C92D8F000558869 /* Assets.xcassets in Resources */ = {isa = PBXBuildFile; fileRef = 35AF96012C92D8F000558869 /* Assets.xcassets */; };
		35AF96052C92D8F000558869 /* Base in Resources */ = {isa = PBXBuildFile; fileRef = 35AF96042C92D8F000558869 /* Base */; };
		35AF96102C92D8F000558869 /* ToDoTests.swift in Sources */ = {isa = PBXBuildFile; fileRef = 35AF960F2C92D8F000558869 /* ToDoTests.swift */; };
		35AF961A2C92D8F000558869 /* ToDoUITests.swift in Sources */ = {isa = PBXBuildFile; fileRef = 35AF96192C92D8F000558869 /* ToDoUITests.swift */; };
		35AF961C2C92D8F000558869 /* ToDoUITestsLaunchTests.swift in Sources */ = {isa = PBXBuildFile; fileRef = 35AF961B2C92D8F000558869 /* ToDoUITestsLaunchTests.swift */; };
		35AF96292C92D96F00558869 /* ToDoItem.swift in Sources */ = {isa = PBXBuildFile; fileRef = 35AF96282C92D96F00558869 /* ToDoItem.swift */; };
		35AF962B2C92D97C00558869 /* Location.swift in Sources */ = {isa = PBXBuildFile; fileRef = 35AF962A2C92D97C00558869 /* Location.swift */; };
/* End PBXBuildFile section */

/* Begin PBXContainerItemProxy section */
		35AF960C2C92D8F000558869 /* PBXContainerItemProxy */ = {
			isa = PBXContainerItemProxy;
			containerPortal = 35AF95ED2C92D8EF00558869 /* Project object */;
			proxyType = 1;
			remoteGlobalIDString = 35AF95F42C92D8EF00558869;
			remoteInfo = ToDo;
		};
		35AF96162C92D8F000558869 /* PBXContainerItemProxy */ = {
			isa = PBXContainerItemProxy;
			containerPortal = 35AF95ED2C92D8EF00558869 /* Project object */;
			proxyType = 1;
			remoteGlobalIDString = 35AF95F42C92D8EF00558869;
			remoteInfo = ToDo;
		};
/* End PBXContainerItemProxy section */

/* Begin PBXFileReference section */
		359C763C2C9994DF00B5A659 /* LocationTests.swift */ = {isa = PBXFileReference; lastKnownFileType = sourcecode.swift; path = LocationTests.swift; sourceTree = "<group>"; };
		359C763E2C999A9700B5A659 /* ToDoItemStoreTests.swift */ = {isa = PBXFileReference; lastKnownFileType = sourcecode.swift; path = ToDoItemStoreTests.swift; sourceTree = "<group>"; };
		359C76402C999B0900B5A659 /* ToDoItemStore.swift */ = {isa = PBXFileReference; lastKnownFileType = sourcecode.swift; path = ToDoItemStore.swift; sourceTree = "<group>"; };
		359C76422C9AAC4C00B5A659 /* ToDo.xctestplan */ = {isa = PBXFileReference; lastKnownFileType = text; path = ToDo.xctestplan; sourceTree = "<group>"; };
		359C76432C9AB2D800B5A659 /* XCTestCase+extension.swift */ = {isa = PBXFileReference; lastKnownFileType = sourcecode.swift; path = "XCTestCase+extension.swift"; sourceTree = "<group>"; };
		359C76452C9AD7C100B5A659 /* Coordinate.swift */ = {isa = PBXFileReference; lastKnownFileType = sourcecode.swift; path = Coordinate.swift; sourceTree = "<group>"; };
		35AF95F52C92D8EF00558869 /* ToDo.app */ = {isa = PBXFileReference; explicitFileType = wrapper.application; includeInIndex = 0; path = ToDo.app; sourceTree = BUILT_PRODUCTS_DIR; };
		35AF95F82C92D8EF00558869 /* AppDelegate.swift */ = {isa = PBXFileReference; lastKnownFileType = sourcecode.swift; path = AppDelegate.swift; sourceTree = "<group>"; };
		35AF95FA2C92D8EF00558869 /* SceneDelegate.swift */ = {isa = PBXFileReference; lastKnownFileType = sourcecode.swift; path = SceneDelegate.swift; sourceTree = "<group>"; };
		35AF95FC2C92D8EF00558869 /* ViewController.swift */ = {isa = PBXFileReference; lastKnownFileType = sourcecode.swift; path = ViewController.swift; sourceTree = "<group>"; };
		35AF95FF2C92D8EF00558869 /* Base */ = {isa = PBXFileReference; lastKnownFileType = file.storyboard; name = Base; path = Base.lproj/Main.storyboard; sourceTree = "<group>"; };
		35AF96012C92D8F000558869 /* Assets.xcassets */ = {isa = PBXFileReference; lastKnownFileType = folder.assetcatalog; path = Assets.xcassets; sourceTree = "<group>"; };
		35AF96042C92D8F000558869 /* Base */ = {isa = PBXFileReference; lastKnownFileType = file.storyboard; name = Base; path = Base.lproj/LaunchScreen.storyboard; sourceTree = "<group>"; };
		35AF96062C92D8F000558869 /* Info.plist */ = {isa = PBXFileReference; lastKnownFileType = text.plist.xml; path = Info.plist; sourceTree = "<group>"; };
		35AF960B2C92D8F000558869 /* ToDoTests.xctest */ = {isa = PBXFileReference; explicitFileType = wrapper.cfbundle; includeInIndex = 0; path = ToDoTests.xctest; sourceTree = BUILT_PRODUCTS_DIR; };
		35AF960F2C92D8F000558869 /* ToDoTests.swift */ = {isa = PBXFileReference; lastKnownFileType = sourcecode.swift; path = ToDoTests.swift; sourceTree = "<group>"; };
		35AF96152C92D8F000558869 /* ToDoUITests.xctest */ = {isa = PBXFileReference; explicitFileType = wrapper.cfbundle; includeInIndex = 0; path = ToDoUITests.xctest; sourceTree = BUILT_PRODUCTS_DIR; };
		35AF96192C92D8F000558869 /* ToDoUITests.swift */ = {isa = PBXFileReference; lastKnownFileType = sourcecode.swift; path = ToDoUITests.swift; sourceTree = "<group>"; };
		35AF961B2C92D8F000558869 /* ToDoUITestsLaunchTests.swift */ = {isa = PBXFileReference; lastKnownFileType = sourcecode.swift; path = ToDoUITestsLaunchTests.swift; sourceTree = "<group>"; };
		35AF96282C92D96F00558869 /* ToDoItem.swift */ = {isa = PBXFileReference; lastKnownFileType = sourcecode.swift; path = ToDoItem.swift; sourceTree = "<group>"; };
		35AF962A2C92D97C00558869 /* Location.swift */ = {isa = PBXFileReference; lastKnownFileType = sourcecode.swift; path = Location.swift; sourceTree = "<group>"; };
/* End PBXFileReference section */

/* Begin PBXFrameworksBuildPhase section */
		35AF95F22C92D8EF00558869 /* Frameworks */ = {
			isa = PBXFrameworksBuildPhase;
			buildActionMask = 2147483647;
			files = (
			);
			runOnlyForDeploymentPostprocessing = 0;
		};
		35AF96082C92D8F000558869 /* Frameworks */ = {
			isa = PBXFrameworksBuildPhase;
			buildActionMask = 2147483647;
			files = (
			);
			runOnlyForDeploymentPostprocessing = 0;
		};
		35AF96122C92D8F000558869 /* Frameworks */ = {
			isa = PBXFrameworksBuildPhase;
			buildActionMask = 2147483647;
			files = (
			);
			runOnlyForDeploymentPostprocessing = 0;
		};
/* End PBXFrameworksBuildPhase section */

/* Begin PBXGroup section */
		35AF95EC2C92D8EF00558869 = {
			isa = PBXGroup;
			children = (
				359C76422C9AAC4C00B5A659 /* ToDo.xctestplan */,
				35AF95F72C92D8EF00558869 /* ToDo */,
				35AF960E2C92D8F000558869 /* ToDoTests */,
				35AF96182C92D8F000558869 /* ToDoUITests */,
				35AF95F62C92D8EF00558869 /* Products */,
			);
			sourceTree = "<group>";
		};
		35AF95F62C92D8EF00558869 /* Products */ = {
			isa = PBXGroup;
			children = (
				35AF95F52C92D8EF00558869 /* ToDo.app */,
				35AF960B2C92D8F000558869 /* ToDoTests.xctest */,
				35AF96152C92D8F000558869 /* ToDoUITests.xctest */,
			);
			name = Products;
			sourceTree = "<group>";
		};
		35AF95F72C92D8EF00558869 /* ToDo */ = {
			isa = PBXGroup;
			children = (
				35AF95F82C92D8EF00558869 /* AppDelegate.swift */,
				35AF95FA2C92D8EF00558869 /* SceneDelegate.swift */,
				35AF95FC2C92D8EF00558869 /* ViewController.swift */,
				35AF95FE2C92D8EF00558869 /* Main.storyboard */,
				35AF96012C92D8F000558869 /* Assets.xcassets */,
				35AF96032C92D8F000558869 /* LaunchScreen.storyboard */,
				35AF96062C92D8F000558869 /* Info.plist */,
				35AF96282C92D96F00558869 /* ToDoItem.swift */,
				35AF962A2C92D97C00558869 /* Location.swift */,
				359C76402C999B0900B5A659 /* ToDoItemStore.swift */,
				359C76452C9AD7C100B5A659 /* Coordinate.swift */,
			);
			path = ToDo;
			sourceTree = "<group>";
		};
		35AF960E2C92D8F000558869 /* ToDoTests */ = {
			isa = PBXGroup;
			children = (
				35AF960F2C92D8F000558869 /* ToDoTests.swift */,
				359C763C2C9994DF00B5A659 /* LocationTests.swift */,
				359C763E2C999A9700B5A659 /* ToDoItemStoreTests.swift */,
				359C76432C9AB2D800B5A659 /* XCTestCase+extension.swift */,
			);
			path = ToDoTests;
			sourceTree = "<group>";
		};
		35AF96182C92D8F000558869 /* ToDoUITests */ = {
			isa = PBXGroup;
			children = (
				35AF96192C92D8F000558869 /* ToDoUITests.swift */,
				35AF961B2C92D8F000558869 /* ToDoUITestsLaunchTests.swift */,
			);
			path = ToDoUITests;
			sourceTree = "<group>";
		};
/* End PBXGroup section */

/* Begin PBXNativeTarget section */
		35AF95F42C92D8EF00558869 /* ToDo */ = {
			isa = PBXNativeTarget;
			buildConfigurationList = 35AF961F2C92D8F000558869 /* Build configuration list for PBXNativeTarget "ToDo" */;
			buildPhases = (
				35AF95F12C92D8EF00558869 /* Sources */,
				35AF95F22C92D8EF00558869 /* Frameworks */,
				35AF95F32C92D8EF00558869 /* Resources */,
			);
			buildRules = (
			);
			dependencies = (
			);
			name = ToDo;
			productName = ToDo;
			productReference = 35AF95F52C92D8EF00558869 /* ToDo.app */;
			productType = "com.apple.product-type.application";
		};
		35AF960A2C92D8F000558869 /* ToDoTests */ = {
			isa = PBXNativeTarget;
			buildConfigurationList = 35AF96222C92D8F000558869 /* Build configuration list for PBXNativeTarget "ToDoTests" */;
			buildPhases = (
				35AF96072C92D8F000558869 /* Sources */,
				35AF96082C92D8F000558869 /* Frameworks */,
				35AF96092C92D8F000558869 /* Resources */,
			);
			buildRules = (
			);
			dependencies = (
				35AF960D2C92D8F000558869 /* PBXTargetDependency */,
			);
			name = ToDoTests;
			productName = ToDoTests;
			productReference = 35AF960B2C92D8F000558869 /* ToDoTests.xctest */;
			productType = "com.apple.product-type.bundle.unit-test";
		};
		35AF96142C92D8F000558869 /* ToDoUITests */ = {
			isa = PBXNativeTarget;
			buildConfigurationList = 35AF96252C92D8F000558869 /* Build configuration list for PBXNativeTarget "ToDoUITests" */;
			buildPhases = (
				35AF96112C92D8F000558869 /* Sources */,
				35AF96122C92D8F000558869 /* Frameworks */,
				35AF96132C92D8F000558869 /* Resources */,
			);
			buildRules = (
			);
			dependencies = (
				35AF96172C92D8F000558869 /* PBXTargetDependency */,
			);
			name = ToDoUITests;
			productName = ToDoUITests;
			productReference = 35AF96152C92D8F000558869 /* ToDoUITests.xctest */;
			productType = "com.apple.product-type.bundle.ui-testing";
		};
/* End PBXNativeTarget section */

/* Begin PBXProject section */
		35AF95ED2C92D8EF00558869 /* Project object */ = {
			isa = PBXProject;
			attributes = {
				BuildIndependentTargetsInParallel = 1;
				LastSwiftUpdateCheck = 1530;
				LastUpgradeCheck = 1530;
				TargetAttributes = {
					35AF95F42C92D8EF00558869 = {
						CreatedOnToolsVersion = 15.3;
					};
					35AF960A2C92D8F000558869 = {
						CreatedOnToolsVersion = 15.3;
						TestTargetID = 35AF95F42C92D8EF00558869;
					};
					35AF96142C92D8F000558869 = {
						CreatedOnToolsVersion = 15.3;
						TestTargetID = 35AF95F42C92D8EF00558869;
					};
				};
			};
			buildConfigurationList = 35AF95F02C92D8EF00558869 /* Build configuration list for PBXProject "ToDo" */;
			compatibilityVersion = "Xcode 14.0";
			developmentRegion = en;
			hasScannedForEncodings = 0;
			knownRegions = (
				en,
				Base,
			);
			mainGroup = 35AF95EC2C92D8EF00558869;
			productRefGroup = 35AF95F62C92D8EF00558869 /* Products */;
			projectDirPath = "";
			projectRoot = "";
			targets = (
				35AF95F42C92D8EF00558869 /* ToDo */,
				35AF960A2C92D8F000558869 /* ToDoTests */,
				35AF96142C92D8F000558869 /* ToDoUITests */,
			);
		};
/* End PBXProject section */

/* Begin PBXResourcesBuildPhase section */
		35AF95F32C92D8EF00558869 /* Resources */ = {
			isa = PBXResourcesBuildPhase;
			buildActionMask = 2147483647;
			files = (
				35AF96022C92D8F000558869 /* Assets.xcassets in Resources */,
				35AF96052C92D8F000558869 /* Base in Resources */,
				35AF96002C92D8EF00558869 /* Base in Resources */,
			);
			runOnlyForDeploymentPostprocessing = 0;
		};
		35AF96092C92D8F000558869 /* Resources */ = {
			isa = PBXResourcesBuildPhase;
			buildActionMask = 2147483647;
			files = (
			);
			runOnlyForDeploymentPostprocessing = 0;
		};
		35AF96132C92D8F000558869 /* Resources */ = {
			isa = PBXResourcesBuildPhase;
			buildActionMask = 2147483647;
			files = (
			);
			runOnlyForDeploymentPostprocessing = 0;
		};
/* End PBXResourcesBuildPhase section */

/* Begin PBXSourcesBuildPhase section */
		35AF95F12C92D8EF00558869 /* Sources */ = {
			isa = PBXSourcesBuildPhase;
			buildActionMask = 2147483647;
			files = (
				359C76462C9AD7C100B5A659 /* Coordinate.swift in Sources */,
				35AF95FD2C92D8EF00558869 /* ViewController.swift in Sources */,
				35AF95F92C92D8EF00558869 /* AppDelegate.swift in Sources */,
				35AF962B2C92D97C00558869 /* Location.swift in Sources */,
				35AF96292C92D96F00558869 /* ToDoItem.swift in Sources */,
				359C76412C999B0900B5A659 /* ToDoItemStore.swift in Sources */,
				35AF95FB2C92D8EF00558869 /* SceneDelegate.swift in Sources */,
			);
			runOnlyForDeploymentPostprocessing = 0;
		};
		35AF96072C92D8F000558869 /* Sources */ = {
			isa = PBXSourcesBuildPhase;
			buildActionMask = 2147483647;
			files = (
				359C763F2C999A9700B5A659 /* ToDoItemStoreTests.swift in Sources */,
				359C76442C9AB2D800B5A659 /* XCTestCase+extension.swift in Sources */,
				359C763D2C9994DF00B5A659 /* LocationTests.swift in Sources */,
				35AF96102C92D8F000558869 /* ToDoTests.swift in Sources */,
			);
			runOnlyForDeploymentPostprocessing = 0;
		};
		35AF96112C92D8F000558869 /* Sources */ = {
			isa = PBXSourcesBuildPhase;
			buildActionMask = 2147483647;
			files = (
				35AF961C2C92D8F000558869 /* ToDoUITestsLaunchTests.swift in Sources */,
				35AF961A2C92D8F000558869 /* ToDoUITests.swift in Sources */,
			);
			runOnlyForDeploymentPostprocessing = 0;
		};
/* End PBXSourcesBuildPhase section */

/* Begin PBXTargetDependency section */
		35AF960D2C92D8F000558869 /* PBXTargetDependency */ = {
			isa = PBXTargetDependency;
			target = 35AF95F42C92D8EF00558869 /* ToDo */;
			targetProxy = 35AF960C2C92D8F000558869 /* PBXContainerItemProxy */;
		};
		35AF96172C92D8F000558869 /* PBXTargetDependency */ = {
			isa = PBXTargetDependency;
			target = 35AF95F42C92D8EF00558869 /* ToDo */;
			targetProxy = 35AF96162C92D8F000558869 /* PBXContainerItemProxy */;
		};
/* End PBXTargetDependency section */

/* Begin PBXVariantGroup section */
		35AF95FE2C92D8EF00558869 /* Main.storyboard */ = {
			isa = PBXVariantGroup;
			children = (
				35AF95FF2C92D8EF00558869 /* Base */,
			);
			name = Main.storyboard;
			sourceTree = "<group>";
		};
		35AF96032C92D8F000558869 /* LaunchScreen.storyboard */ = {
			isa = PBXVariantGroup;
			children = (
				35AF96042C92D8F000558869 /* Base */,
			);
			name = LaunchScreen.storyboard;
			sourceTree = "<group>";
		};
/* End PBXVariantGroup section */

/* Begin XCBuildConfiguration section */
		35AF961D2C92D8F000558869 /* Debug */ = {
			isa = XCBuildConfiguration;
			buildSettings = {
				ALWAYS_SEARCH_USER_PATHS = NO;
				ASSETCATALOG_COMPILER_GENERATE_SWIFT_ASSET_SYMBOL_EXTENSIONS = YES;
				CLANG_ANALYZER_NONNULL = YES;
				CLANG_ANALYZER_NUMBER_OBJECT_CONVERSION = YES_AGGRESSIVE;
				CLANG_CXX_LANGUAGE_STANDARD = "gnu++20";
				CLANG_ENABLE_MODULES = YES;
				CLANG_ENABLE_OBJC_ARC = YES;
				CLANG_ENABLE_OBJC_WEAK = YES;
				CLANG_WARN_BLOCK_CAPTURE_AUTORELEASING = YES;
				CLANG_WARN_BOOL_CONVERSION = YES;
				CLANG_WARN_COMMA = YES;
				CLANG_WARN_CONSTANT_CONVERSION = YES;
				CLANG_WARN_DEPRECATED_OBJC_IMPLEMENTATIONS = YES;
				CLANG_WARN_DIRECT_OBJC_ISA_USAGE = YES_ERROR;
				CLANG_WARN_DOCUMENTATION_COMMENTS = YES;
				CLANG_WARN_EMPTY_BODY = YES;
				CLANG_WARN_ENUM_CONVERSION = YES;
				CLANG_WARN_INFINITE_RECURSION = YES;
				CLANG_WARN_INT_CONVERSION = YES;
				CLANG_WARN_NON_LITERAL_NULL_CONVERSION = YES;
				CLANG_WARN_OBJC_IMPLICIT_RETAIN_SELF = YES;
				CLANG_WARN_OBJC_LITERAL_CONVERSION = YES;
				CLANG_WARN_OBJC_ROOT_CLASS = YES_ERROR;
				CLANG_WARN_QUOTED_INCLUDE_IN_FRAMEWORK_HEADER = YES;
				CLANG_WARN_RANGE_LOOP_ANALYSIS = YES;
				CLANG_WARN_STRICT_PROTOTYPES = YES;
				CLANG_WARN_SUSPICIOUS_MOVE = YES;
				CLANG_WARN_UNGUARDED_AVAILABILITY = YES_AGGRESSIVE;
				CLANG_WARN_UNREACHABLE_CODE = YES;
				CLANG_WARN__DUPLICATE_METHOD_MATCH = YES;
				COPY_PHASE_STRIP = NO;
				DEBUG_INFORMATION_FORMAT = dwarf;
				ENABLE_STRICT_OBJC_MSGSEND = YES;
				ENABLE_TESTABILITY = YES;
				ENABLE_USER_SCRIPT_SANDBOXING = YES;
				GCC_C_LANGUAGE_STANDARD = gnu17;
				GCC_DYNAMIC_NO_PIC = NO;
				GCC_NO_COMMON_BLOCKS = YES;
				GCC_OPTIMIZATION_LEVEL = 0;
				GCC_PREPROCESSOR_DEFINITIONS = (
					"DEBUG=1",
					"$(inherited)",
				);
				GCC_WARN_64_TO_32_BIT_CONVERSION = YES;
				GCC_WARN_ABOUT_RETURN_TYPE = YES_ERROR;
				GCC_WARN_UNDECLARED_SELECTOR = YES;
				GCC_WARN_UNINITIALIZED_AUTOS = YES_AGGRESSIVE;
				GCC_WARN_UNUSED_FUNCTION = YES;
				GCC_WARN_UNUSED_VARIABLE = YES;
				IPHONEOS_DEPLOYMENT_TARGET = 17.4;
				LOCALIZATION_PREFERS_STRING_CATALOGS = YES;
				MTL_ENABLE_DEBUG_INFO = INCLUDE_SOURCE;
				MTL_FAST_MATH = YES;
				ONLY_ACTIVE_ARCH = YES;
				SDKROOT = iphoneos;
				SWIFT_ACTIVE_COMPILATION_CONDITIONS = "DEBUG $(inherited)";
				SWIFT_OPTIMIZATION_LEVEL = "-Onone";
			};
			name = Debug;
		};
		35AF961E2C92D8F000558869 /* Release */ = {
			isa = XCBuildConfiguration;
			buildSettings = {
				ALWAYS_SEARCH_USER_PATHS = NO;
				ASSETCATALOG_COMPILER_GENERATE_SWIFT_ASSET_SYMBOL_EXTENSIONS = YES;
				CLANG_ANALYZER_NONNULL = YES;
				CLANG_ANALYZER_NUMBER_OBJECT_CONVERSION = YES_AGGRESSIVE;
				CLANG_CXX_LANGUAGE_STANDARD = "gnu++20";
				CLANG_ENABLE_MODULES = YES;
				CLANG_ENABLE_OBJC_ARC = YES;
				CLANG_ENABLE_OBJC_WEAK = YES;
				CLANG_WARN_BLOCK_CAPTURE_AUTORELEASING = YES;
				CLANG_WARN_BOOL_CONVERSION = YES;
				CLANG_WARN_COMMA = YES;
				CLANG_WARN_CONSTANT_CONVERSION = YES;
				CLANG_WARN_DEPRECATED_OBJC_IMPLEMENTATIONS = YES;
				CLANG_WARN_DIRECT_OBJC_ISA_USAGE = YES_ERROR;
				CLANG_WARN_DOCUMENTATION_COMMENTS = YES;
				CLANG_WARN_EMPTY_BODY = YES;
				CLANG_WARN_ENUM_CONVERSION = YES;
				CLANG_WARN_INFINITE_RECURSION = YES;
				CLANG_WARN_INT_CONVERSION = YES;
				CLANG_WARN_NON_LITERAL_NULL_CONVERSION = YES;
				CLANG_WARN_OBJC_IMPLICIT_RETAIN_SELF = YES;
				CLANG_WARN_OBJC_LITERAL_CONVERSION = YES;
				CLANG_WARN_OBJC_ROOT_CLASS = YES_ERROR;
				CLANG_WARN_QUOTED_INCLUDE_IN_FRAMEWORK_HEADER = YES;
				CLANG_WARN_RANGE_LOOP_ANALYSIS = YES;
				CLANG_WARN_STRICT_PROTOTYPES = YES;
				CLANG_WARN_SUSPICIOUS_MOVE = YES;
				CLANG_WARN_UNGUARDED_AVAILABILITY = YES_AGGRESSIVE;
				CLANG_WARN_UNREACHABLE_CODE = YES;
				CLANG_WARN__DUPLICATE_METHOD_MATCH = YES;
				COPY_PHASE_STRIP = NO;
				DEBUG_INFORMATION_FORMAT = "dwarf-with-dsym";
				ENABLE_NS_ASSERTIONS = NO;
				ENABLE_STRICT_OBJC_MSGSEND = YES;
				ENABLE_USER_SCRIPT_SANDBOXING = YES;
				GCC_C_LANGUAGE_STANDARD = gnu17;
				GCC_NO_COMMON_BLOCKS = YES;
				GCC_WARN_64_TO_32_BIT_CONVERSION = YES;
				GCC_WARN_ABOUT_RETURN_TYPE = YES_ERROR;
				GCC_WARN_UNDECLARED_SELECTOR = YES;
				GCC_WARN_UNINITIALIZED_AUTOS = YES_AGGRESSIVE;
				GCC_WARN_UNUSED_FUNCTION = YES;
				GCC_WARN_UNUSED_VARIABLE = YES;
				IPHONEOS_DEPLOYMENT_TARGET = 17.4;
				LOCALIZATION_PREFERS_STRING_CATALOGS = YES;
				MTL_ENABLE_DEBUG_INFO = NO;
				MTL_FAST_MATH = YES;
				SDKROOT = iphoneos;
				SWIFT_COMPILATION_MODE = wholemodule;
				VALIDATE_PRODUCT = YES;
			};
			name = Release;
		};
		35AF96202C92D8F000558869 /* Debug */ = {
			isa = XCBuildConfiguration;
			buildSettings = {
				ASSETCATALOG_COMPILER_APPICON_NAME = AppIcon;
				ASSETCATALOG_COMPILER_GLOBAL_ACCENT_COLOR_NAME = AccentColor;
				CODE_SIGN_STYLE = Automatic;
				CURRENT_PROJECT_VERSION = 1;
				DEVELOPMENT_TEAM = DD8KP9C4KQ;
				GENERATE_INFOPLIST_FILE = YES;
				INFOPLIST_FILE = ToDo/Info.plist;
				INFOPLIST_KEY_UIApplicationSupportsIndirectInputEvents = YES;
				INFOPLIST_KEY_UILaunchStoryboardName = LaunchScreen;
				INFOPLIST_KEY_UIMainStoryboardFile = Main;
				INFOPLIST_KEY_UISupportedInterfaceOrientations_iPad = "UIInterfaceOrientationPortrait UIInterfaceOrientationPortraitUpsideDown UIInterfaceOrientationLandscapeLeft UIInterfaceOrientationLandscapeRight";
				INFOPLIST_KEY_UISupportedInterfaceOrientations_iPhone = "UIInterfaceOrientationPortrait UIInterfaceOrientationLandscapeLeft UIInterfaceOrientationLandscapeRight";
				LD_RUNPATH_SEARCH_PATHS = (
					"$(inherited)",
					"@executable_path/Frameworks",
				);
				MARKETING_VERSION = 1.0;
				PRODUCT_BUNDLE_IDENTIFIER = com.peter1119.ToDo;
				PRODUCT_NAME = "$(TARGET_NAME)";
				SWIFT_EMIT_LOC_STRINGS = YES;
				SWIFT_VERSION = 5.0;
				TARGETED_DEVICE_FAMILY = "1,2";
			};
			name = Debug;
		};
		35AF96212C92D8F000558869 /* Release */ = {
			isa = XCBuildConfiguration;
			buildSettings = {
				ASSETCATALOG_COMPILER_APPICON_NAME = AppIcon;
				ASSETCATALOG_COMPILER_GLOBAL_ACCENT_COLOR_NAME = AccentColor;
				CODE_SIGN_STYLE = Automatic;
				CURRENT_PROJECT_VERSION = 1;
				DEVELOPMENT_TEAM = DD8KP9C4KQ;
				GENERATE_INFOPLIST_FILE = YES;
				INFOPLIST_FILE = ToDo/Info.plist;
				INFOPLIST_KEY_UIApplicationSupportsIndirectInputEvents = YES;
				INFOPLIST_KEY_UILaunchStoryboardName = LaunchScreen;
				INFOPLIST_KEY_UIMainStoryboardFile = Main;
				INFOPLIST_KEY_UISupportedInterfaceOrientations_iPad = "UIInterfaceOrientationPortrait UIInterfaceOrientationPortraitUpsideDown UIInterfaceOrientationLandscapeLeft UIInterfaceOrientationLandscapeRight";
				INFOPLIST_KEY_UISupportedInterfaceOrientations_iPhone = "UIInterfaceOrientationPortrait UIInterfaceOrientationLandscapeLeft UIInterfaceOrientationLandscapeRight";
				LD_RUNPATH_SEARCH_PATHS = (
					"$(inherited)",
					"@executable_path/Frameworks",
				);
				MARKETING_VERSION = 1.0;
				PRODUCT_BUNDLE_IDENTIFIER = com.peter1119.ToDo;
				PRODUCT_NAME = "$(TARGET_NAME)";
				SWIFT_EMIT_LOC_STRINGS = YES;
				SWIFT_VERSION = 5.0;
				TARGETED_DEVICE_FAMILY = "1,2";
			};
			name = Release;
		};
		35AF96232C92D8F000558869 /* Debug */ = {
			isa = XCBuildConfiguration;
			buildSettings = {
				ALWAYS_EMBED_SWIFT_STANDARD_LIBRARIES = YES;
				BUNDLE_LOADER = "$(TEST_HOST)";
				CODE_SIGN_STYLE = Automatic;
				CURRENT_PROJECT_VERSION = 1;
				DEVELOPMENT_TEAM = DD8KP9C4KQ;
				GENERATE_INFOPLIST_FILE = YES;
				IPHONEOS_DEPLOYMENT_TARGET = 17.4;
				MARKETING_VERSION = 1.0;
				PRODUCT_BUNDLE_IDENTIFIER = com.peter1119.ToDoTests;
				PRODUCT_NAME = "$(TARGET_NAME)";
				SWIFT_EMIT_LOC_STRINGS = NO;
				SWIFT_VERSION = 5.0;
				TARGETED_DEVICE_FAMILY = "1,2";
				TEST_HOST = "$(BUILT_PRODUCTS_DIR)/ToDo.app/$(BUNDLE_EXECUTABLE_FOLDER_PATH)/ToDo";
			};
			name = Debug;
		};
		35AF96242C92D8F000558869 /* Release */ = {
			isa = XCBuildConfiguration;
			buildSettings = {
				ALWAYS_EMBED_SWIFT_STANDARD_LIBRARIES = YES;
				BUNDLE_LOADER = "$(TEST_HOST)";
				CODE_SIGN_STYLE = Automatic;
				CURRENT_PROJECT_VERSION = 1;
				DEVELOPMENT_TEAM = DD8KP9C4KQ;
				GENERATE_INFOPLIST_FILE = YES;
				IPHONEOS_DEPLOYMENT_TARGET = 17.4;
				MARKETING_VERSION = 1.0;
				PRODUCT_BUNDLE_IDENTIFIER = com.peter1119.ToDoTests;
				PRODUCT_NAME = "$(TARGET_NAME)";
				SWIFT_EMIT_LOC_STRINGS = NO;
				SWIFT_VERSION = 5.0;
				TARGETED_DEVICE_FAMILY = "1,2";
				TEST_HOST = "$(BUILT_PRODUCTS_DIR)/ToDo.app/$(BUNDLE_EXECUTABLE_FOLDER_PATH)/ToDo";
			};
			name = Release;
		};
		35AF96262C92D8F000558869 /* Debug */ = {
			isa = XCBuildConfiguration;
			buildSettings = {
				ALWAYS_EMBED_SWIFT_STANDARD_LIBRARIES = YES;
				CODE_SIGN_STYLE = Automatic;
				CURRENT_PROJECT_VERSION = 1;
				DEVELOPMENT_TEAM = DD8KP9C4KQ;
				GENERATE_INFOPLIST_FILE = YES;
				MARKETING_VERSION = 1.0;
				PRODUCT_BUNDLE_IDENTIFIER = com.peter1119.ToDoUITests;
				PRODUCT_NAME = "$(TARGET_NAME)";
				SWIFT_EMIT_LOC_STRINGS = NO;
				SWIFT_VERSION = 5.0;
				TARGETED_DEVICE_FAMILY = "1,2";
				TEST_TARGET_NAME = ToDo;
			};
			name = Debug;
		};
		35AF96272C92D8F000558869 /* Release */ = {
			isa = XCBuildConfiguration;
			buildSettings = {
				ALWAYS_EMBED_SWIFT_STANDARD_LIBRARIES = YES;
				CODE_SIGN_STYLE = Automatic;
				CURRENT_PROJECT_VERSION = 1;
				DEVELOPMENT_TEAM = DD8KP9C4KQ;
				GENERATE_INFOPLIST_FILE = YES;
				MARKETING_VERSION = 1.0;
				PRODUCT_BUNDLE_IDENTIFIER = com.peter1119.ToDoUITests;
				PRODUCT_NAME = "$(TARGET_NAME)";
				SWIFT_EMIT_LOC_STRINGS = NO;
				SWIFT_VERSION = 5.0;
				TARGETED_DEVICE_FAMILY = "1,2";
				TEST_TARGET_NAME = ToDo;
			};
			name = Release;
		};
/* End XCBuildConfiguration section */

/* Begin XCConfigurationList section */
		35AF95F02C92D8EF00558869 /* Build configuration list for PBXProject "ToDo" */ = {
			isa = XCConfigurationList;
			buildConfigurations = (
				35AF961D2C92D8F000558869 /* Debug */,
				35AF961E2C92D8F000558869 /* Release */,
			);
			defaultConfigurationIsVisible = 0;
			defaultConfigurationName = Release;
		};
		35AF961F2C92D8F000558869 /* Build configuration list for PBXNativeTarget "ToDo" */ = {
			isa = XCConfigurationList;
			buildConfigurations = (
				35AF96202C92D8F000558869 /* Debug */,
				35AF96212C92D8F000558869 /* Release */,
			);
			defaultConfigurationIsVisible = 0;
			defaultConfigurationName = Release;
		};
		35AF96222C92D8F000558869 /* Build configuration list for PBXNativeTarget "ToDoTests" */ = {
			isa = XCConfigurationList;
			buildConfigurations = (
				35AF96232C92D8F000558869 /* Debug */,
				35AF96242C92D8F000558869 /* Release */,
			);
			defaultConfigurationIsVisible = 0;
			defaultConfigurationName = Release;
		};
		35AF96252C92D8F000558869 /* Build configuration list for PBXNativeTarget "ToDoUITests" */ = {
			isa = XCConfigurationList;
			buildConfigurations = (
				35AF96262C92D8F000558869 /* Debug */,
				35AF96272C92D8F000558869 /* Release */,
			);
			defaultConfigurationIsVisible = 0;
			defaultConfigurationName = Release;
		};
/* End XCConfigurationList section */
	};
	rootObject = 35AF95ED2C92D8EF00558869 /* Project object */;
}
